# This file is automatically @generated by Cargo.
# It is not intended for manual editing.
version = 4

[[package]]
name = "adapter-memory"
version = "0.1.0"
dependencies = [
 "storage-api",
]

[[package]]
name = "dtgproxy"
version = "0.1.0"

[[package]]
name = "storage-api"
version = "0.1.0"

[[package]]
name = "temporal-model"
version = "0.1.0"
dependencies = [
 "temporal-types",
]

[[package]]
name = "temporal-types"
version = "0.1.0"
